
Microsoft Visual Studio Solution File, Format Version 11.00
# Visual Studio 2010
Project("{FAE04EC0-301F-11D3-BF4B-00C04F79EFBC}") = "KidsCove.Database", "KidsCove\KidsCove.Database\KidsCove.Database.csproj", "{18E9D1E5-9320-4CB3-BF3A-486C7C8EE975}"
EndProject
Project("{2150E333-8FDC-42A3-9474-1A3956D46DE8}") = ".nuget", ".nuget", "{25051CCA-9885-4099-9265-7B5FFF96F115}"
	ProjectSection(SolutionItems) = preProject
		.nuget\NuGet.Config = .nuget\NuGet.Config
		.nuget\NuGet.exe = .nuget\NuGet.exe
		.nuget\NuGet.targets = .nuget\NuGet.targets
		.nuget\packages.config = .nuget\packages.config
	EndProjectSection
EndProject
Project("{FAE04EC0-301F-11D3-BF4B-00C04F79EFBC}") = "KidsCove.Tests", "KidsCove\KidsCove.Tests\KidsCove.Tests.csproj", "{F6ADC533-308D-4CBA-B597-BBF33D60A0D0}"
EndProject
Project("{FAE04EC0-301F-11D3-BF4B-00C04F79EFBC}") = "KidsCove.Database.Mapping", "KidsCove\KidsCove.Database.Mapping\KidsCove.Database.Mapping.csproj", "{37B5B52D-DDFF-430A-90F5-59819D0FB3D8}"
EndProject
Project("{FAE04EC0-301F-11D3-BF4B-00C04F79EFBC}") = "KidsCove.Core", "KidsCove\KidsCove.Core\KidsCove.Core.csproj", "{4B50D1D5-E6B0-4377-B24D-C73EDA103A48}"
EndProject
Project("{FAE04EC0-301F-11D3-BF4B-00C04F79EFBC}") = "KidsCove.UI", "KidsCove\KidsCove.UI\KidsCove.UI.csproj", "{74B229B2-D723-4D95-8EE3-FF87162EA0D7}"
EndProject
Global
	GlobalSection(SolutionConfigurationPlatforms) = preSolution
		Debug|Any CPU = Debug|Any CPU
		Debug|Mixed Platforms = Debug|Mixed Platforms
		Debug|x86 = Debug|x86
		Release|Any CPU = Release|Any CPU
		Release|Mixed Platforms = Release|Mixed Platforms
		Release|x86 = Release|x86
	EndGlobalSection
	GlobalSection(ProjectConfigurationPlatforms) = postSolution
		{18E9D1E5-9320-4CB3-BF3A-486C7C8EE975}.Debug|Any CPU.ActiveCfg = Debug|Any CPU
		{18E9D1E5-9320-4CB3-BF3A-486C7C8EE975}.Debug|Any CPU.Build.0 = Debug|Any CPU
		{18E9D1E5-9320-4CB3-BF3A-486C7C8EE975}.Debug|Mixed Platforms.ActiveCfg = Debug|Any CPU
		{18E9D1E5-9320-4CB3-BF3A-486C7C8EE975}.Debug|Mixed Platforms.Build.0 = Debug|Any CPU
		{18E9D1E5-9320-4CB3-BF3A-486C7C8EE975}.Debug|x86.ActiveCfg = Debug|Any CPU
		{18E9D1E5-9320-4CB3-BF3A-486C7C8EE975}.Release|Any CPU.ActiveCfg = Release|Any CPU
		{18E9D1E5-9320-4CB3-BF3A-486C7C8EE975}.Release|Any CPU.Build.0 = Release|Any CPU
		{18E9D1E5-9320-4CB3-BF3A-486C7C8EE975}.Release|Mixed Platforms.ActiveCfg = Release|Any CPU
		{18E9D1E5-9320-4CB3-BF3A-486C7C8EE975}.Release|Mixed Platforms.Build.0 = Release|Any CPU
		{18E9D1E5-9320-4CB3-BF3A-486C7C8EE975}.Release|x86.ActiveCfg = Release|Any CPU
		{F6ADC533-308D-4CBA-B597-BBF33D60A0D0}.Debug|Any CPU.ActiveCfg = Debug|x86
		{F6ADC533-308D-4CBA-B597-BBF33D60A0D0}.Debug|Mixed Platforms.ActiveCfg = Debug|x86
		{F6ADC533-308D-4CBA-B597-BBF33D60A0D0}.Debug|Mixed Platforms.Build.0 = Debug|x86
		{F6ADC533-308D-4CBA-B597-BBF33D60A0D0}.Debug|x86.ActiveCfg = Debug|x86
		{F6ADC533-308D-4CBA-B597-BBF33D60A0D0}.Debug|x86.Build.0 = Debug|x86
		{F6ADC533-308D-4CBA-B597-BBF33D60A0D0}.Release|Any CPU.ActiveCfg = Release|x86
		{F6ADC533-308D-4CBA-B597-BBF33D60A0D0}.Release|Mixed Platforms.ActiveCfg = Release|x86
		{F6ADC533-308D-4CBA-B597-BBF33D60A0D0}.Release|Mixed Platforms.Build.0 = Release|x86
		{F6ADC533-308D-4CBA-B597-BBF33D60A0D0}.Release|x86.ActiveCfg = Release|x86
		{F6ADC533-308D-4CBA-B597-BBF33D60A0D0}.Release|x86.Build.0 = Release|x86
		{37B5B52D-DDFF-430A-90F5-59819D0FB3D8}.Debug|Any CPU.ActiveCfg = Debug|Any CPU
		{37B5B52D-DDFF-430A-90F5-59819D0FB3D8}.Debug|Any CPU.Build.0 = Debug|Any CPU
		{37B5B52D-DDFF-430A-90F5-59819D0FB3D8}.Debug|Mixed Platforms.ActiveCfg = Debug|Any CPU
		{37B5B52D-DDFF-430A-90F5-59819D0FB3D8}.Debug|Mixed Platforms.Build.0 = Debug|Any CPU
		{37B5B52D-DDFF-430A-90F5-59819D0FB3D8}.Debug|x86.ActiveCfg = Debug|Any CPU
		{37B5B52D-DDFF-430A-90F5-59819D0FB3D8}.Release|Any CPU.ActiveCfg = Release|Any CPU
		{37B5B52D-DDFF-430A-90F5-59819D0FB3D8}.Release|Any CPU.Build.0 = Release|Any CPU
		{37B5B52D-DDFF-430A-90F5-59819D0FB3D8}.Release|Mixed Platforms.ActiveCfg = Release|Any CPU
		{37B5B52D-DDFF-430A-90F5-59819D0FB3D8}.Release|Mixed Platforms.Build.0 = Release|Any CPU
		{37B5B52D-DDFF-430A-90F5-59819D0FB3D8}.Release|x86.ActiveCfg = Release|Any CPU
		{4B50D1D5-E6B0-4377-B24D-C73EDA103A48}.Debug|Any CPU.ActiveCfg = Debug|Any CPU
		{4B50D1D5-E6B0-4377-B24D-C73EDA103A48}.Debug|Any CPU.Build.0 = Debug|Any CPU
		{4B50D1D5-E6B0-4377-B24D-C73EDA103A48}.Debug|Mixed Platforms.ActiveCfg = Debug|Any CPU
		{4B50D1D5-E6B0-4377-B24D-C73EDA103A48}.Debug|Mixed Platforms.Build.0 = Debug|Any CPU
		{4B50D1D5-E6B0-4377-B24D-C73EDA103A48}.Debug|x86.ActiveCfg = Debug|Any CPU
		{4B50D1D5-E6B0-4377-B24D-C73EDA103A48}.Release|Any CPU.ActiveCfg = Release|Any CPU
		{4B50D1D5-E6B0-4377-B24D-C73EDA103A48}.Release|Any CPU.Build.0 = Release|Any CPU
		{4B50D1D5-E6B0-4377-B24D-C73EDA103A48}.Release|Mixed Platforms.ActiveCfg = Release|Any CPU
		{4B50D1D5-E6B0-4377-B24D-C73EDA103A48}.Release|Mixed Platforms.Build.0 = Release|Any CPU
		{4B50D1D5-E6B0-4377-B24D-C73EDA103A48}.Release|x86.ActiveCfg = Release|Any CPU
		{74B229B2-D723-4D95-8EE3-FF87162EA0D7}.Debug|Any CPU.ActiveCfg = Debug|Any CPU
		{74B229B2-D723-4D95-8EE3-FF87162EA0D7}.Debug|Any CPU.Build.0 = Debug|Any CPU
		{74B229B2-D723-4D95-8EE3-FF87162EA0D7}.Debug|Mixed Platforms.ActiveCfg = Debug|Any CPU
		{74B229B2-D723-4D95-8EE3-FF87162EA0D7}.Debug|Mixed Platforms.Build.0 = Debug|Any CPU
		{74B229B2-D723-4D95-8EE3-FF87162EA0D7}.Debug|x86.ActiveCfg = Debug|Any CPU
		{74B229B2-D723-4D95-8EE3-FF87162EA0D7}.Release|Any CPU.ActiveCfg = Release|Any CPU
		{74B229B2-D723-4D95-8EE3-FF87162EA0D7}.Release|Any CPU.Build.0 = Release|Any CPU
		{74B229B2-D723-4D95-8EE3-FF87162EA0D7}.Release|Mixed Platforms.ActiveCfg = Release|Any CPU
		{74B229B2-D723-4D95-8EE3-FF87162EA0D7}.Release|Mixed Platforms.Build.0 = Release|Any CPU
		{74B229B2-D723-4D95-8EE3-FF87162EA0D7}.Release|x86.ActiveCfg = Release|Any CPU
	EndGlobalSection
	GlobalSection(SolutionProperties) = preSolution
		HideSolutionNode = FALSE
	EndGlobalSection
	GlobalSection(ExtensibilityGlobals) = postSolution
		EnterpriseLibraryConfigurationToolBinariesPath = packages\Unity.2.1.505.2\lib\NET35
	EndGlobalSection
EndGlobal
